
Microsoft Visual Studio Solution File, Format Version 12.00
# Visual Studio Version 16
VisualStudioVersion = 16.0.30309.148
MinimumVisualStudioVersion = 10.0.40219.1
Project("{FAE04EC0-301F-11D3-BF4B-00C04F79EFBC}") = "eMammal-integration-application", "eMammal-integration-application.csproj", "{D09FFD0B-7666-4974-86F3-7E130EC56E48}"
EndProject
Global
	GlobalSection(SolutionConfigurationPlatforms) = preSolution
		Debug|Any CPU = Debug|Any CPU
		Release|Any CPU = Release|Any CPU
	EndGlobalSection
	GlobalSection(ProjectConfigurationPlatforms) = postSolution
		{D09FFD0B-7666-4974-86F3-7E130EC56E48}.Debug|Any CPU.ActiveCfg = Debug|Any CPU
		{D09FFD0B-7666-4974-86F3-7E130EC56E48}.Debug|Any CPU.Build.0 = Debug|Any CPU
		{D09FFD0B-7666-4974-86F3-7E130EC56E48}.Release|Any CPU.ActiveCfg = Release|Any CPU
		{D09FFD0B-7666-4974-86F3-7E130EC56E48}.Release|Any CPU.Build.0 = Release|Any CPU
	EndGlobalSection
	GlobalSection(SolutionProperties) = preSolution
		HideSolutionNode = FALSE
	EndGlobalSection
	GlobalSection(ExtensibilityGlobals) = postSolution
		SolutionGuid = {10B34E61-E305-42E9-B53B-F1055C67A690}
	EndGlobalSection
EndGlobal
