
Microsoft Visual Studio Solution File, Format Version 12.00
# Visual Studio Version 16
VisualStudioVersion = 16.0.29326.143
MinimumVisualStudioVersion = 10.0.40219.1
Project("{FAE04EC0-301F-11D3-BF4B-00C04F79EFBC}") = "CameraTrapJsonManagerApp", "CameraTrapJsonManagerApp.csproj", "{5191AE33-43E7-48BC-9AA1-3C92CF33679D}"
EndProject
Global
	GlobalSection(SolutionConfigurationPlatforms) = preSolution
		Debug|Any CPU = Debug|Any CPU
		Release|Any CPU = Release|Any CPU
	EndGlobalSection
	GlobalSection(ProjectConfigurationPlatforms) = postSolution
		{5191AE33-43E7-48BC-9AA1-3C92CF33679D}.Debug|Any CPU.ActiveCfg = Debug|Any CPU
		{5191AE33-43E7-48BC-9AA1-3C92CF33679D}.Debug|Any CPU.Build.0 = Debug|Any CPU
		{5191AE33-43E7-48BC-9AA1-3C92CF33679D}.Release|Any CPU.ActiveCfg = Release|Any CPU
		{5191AE33-43E7-48BC-9AA1-3C92CF33679D}.Release|Any CPU.Build.0 = Release|Any CPU
	EndGlobalSection
	GlobalSection(SolutionProperties) = preSolution
		HideSolutionNode = FALSE
	EndGlobalSection
	GlobalSection(ExtensibilityGlobals) = postSolution
		SolutionGuid = {3F65284E-A694-46F1-8E43-1FABB76A9009}
	EndGlobalSection
EndGlobal
